
Microsoft Visual Studio Solution File, Format Version 12.00
# Visual Studio Version 17
VisualStudioVersion = 17.11.35312.102
MinimumVisualStudioVersion = 10.0.40219.1
Project("{FAE04EC0-301F-11D3-BF4B-00C04F79EFBC}") = "EntitFramework_ETrade", "EntitFramework_ETrade\EntitFramework_ETrade.csproj", "{1E745C07-9057-43BA-BE03-FF428EFE0D4D}"
EndProject
Global
	GlobalSection(SolutionConfigurationPlatforms) = preSolution
		Debug|Any CPU = Debug|Any CPU
		Release|Any CPU = Release|Any CPU
	EndGlobalSection
	GlobalSection(ProjectConfigurationPlatforms) = postSolution
		{1E745C07-9057-43BA-BE03-FF428EFE0D4D}.Debug|Any CPU.ActiveCfg = Debug|Any CPU
		{1E745C07-9057-43BA-BE03-FF428EFE0D4D}.Debug|Any CPU.Build.0 = Debug|Any CPU
		{1E745C07-9057-43BA-BE03-FF428EFE0D4D}.Release|Any CPU.ActiveCfg = Release|Any CPU
		{1E745C07-9057-43BA-BE03-FF428EFE0D4D}.Release|Any CPU.Build.0 = Release|Any CPU
	EndGlobalSection
	GlobalSection(SolutionProperties) = preSolution
		HideSolutionNode = FALSE
	EndGlobalSection
	GlobalSection(ExtensibilityGlobals) = postSolution
		SolutionGuid = {67FCD5DA-BCB6-481E-82C0-E507ACF4E98F}
	EndGlobalSection
EndGlobal
